// !$*UTF8*$!
{
	archiveVersion = 1;
	classes = {
	};
	objectVersion = 77;
	objects = {

/* Begin PBXContainerItemProxy section */
		ECF563DF2D3AED0B007F0777 /* PBXContainerItemProxy */ = {
			isa = PBXContainerItemProxy;
			containerPortal = ECF563C62D3AED0A007F0777 /* Project object */;
			proxyType = 1;
			remoteGlobalIDString = ECF563CD2D3AED0A007F0777;
			remoteInfo = YettelTest;
		};
		ECF563E92D3AED0B007F0777 /* PBXContainerItemProxy */ = {
			isa = PBXContainerItemProxy;
			containerPortal = ECF563C62D3AED0A007F0777 /* Project object */;
			proxyType = 1;
			remoteGlobalIDString = ECF563CD2D3AED0A007F0777;
			remoteInfo = YettelTest;
		};
/* End PBXContainerItemProxy section */

/* Begin PBXFileReference section */
		ECF563CE2D3AED0A007F0777 /* YettelTest.app */ = {isa = PBXFileReference; explicitFileType = wrapper.application; includeInIndex = 0; path = YettelTest.app; sourceTree = BUILT_PRODUCTS_DIR; };
		ECF563DE2D3AED0B007F0777 /* YettelTestTests.xctest */ = {isa = PBXFileReference; explicitFileType = wrapper.cfbundle; includeInIndex = 0; path = YettelTestTests.xctest; sourceTree = BUILT_PRODUCTS_DIR; };
		ECF563E82D3AED0B007F0777 /* YettelTestUITests.xctest */ = {isa = PBXFileReference; explicitFileType = wrapper.cfbundle; includeInIndex = 0; path = YettelTestUITests.xctest; sourceTree = BUILT_PRODUCTS_DIR; };
/* End PBXFileReference section */

/* Begin PBXFileSystemSynchronizedRootGroup section */
		ECF563D02D3AED0A007F0777 /* YettelTest */ = {
			isa = PBXFileSystemSynchronizedRootGroup;
			path = YettelTest;
			sourceTree = "<group>";
		};
		ECF563E12D3AED0B007F0777 /* YettelTestTests */ = {
			isa = PBXFileSystemSynchronizedRootGroup;
			path = YettelTestTests;
			sourceTree = "<group>";
		};
		ECF563EB2D3AED0B007F0777 /* YettelTestUITests */ = {
			isa = PBXFileSystemSynchronizedRootGroup;
			path = YettelTestUITests;
			sourceTree = "<group>";
		};
/* End PBXFileSystemSynchronizedRootGroup section */

/* Begin PBXFrameworksBuildPhase section */
		ECF563CB2D3AED0A007F0777 /* Frameworks */ = {
			isa = PBXFrameworksBuildPhase;
			buildActionMask = 2147483647;
			files = (
			);
			runOnlyForDeploymentPostprocessing = 0;
		};
		ECF563DB2D3AED0B007F0777 /* Frameworks */ = {
			isa = PBXFrameworksBuildPhase;
			buildActionMask = 2147483647;
			files = (
			);
			runOnlyForDeploymentPostprocessing = 0;
		};
		ECF563E52D3AED0B007F0777 /* Frameworks */ = {
			isa = PBXFrameworksBuildPhase;
			buildActionMask = 2147483647;
			files = (
			);
			runOnlyForDeploymentPostprocessing = 0;
		};
/* End PBXFrameworksBuildPhase section */

/* Begin PBXGroup section */
		ECF563C52D3AED0A007F0777 = {
			isa = PBXGroup;
			children = (
				ECF563D02D3AED0A007F0777 /* YettelTest */,
				ECF563E12D3AED0B007F0777 /* YettelTestTests */,
				ECF563EB2D3AED0B007F0777 /* YettelTestUITests */,
				ECF563CF2D3AED0A007F0777 /* Products */,
			);
			sourceTree = "<group>";
		};
		ECF563CF2D3AED0A007F0777 /* Products */ = {
			isa = PBXGroup;
			children = (
				ECF563CE2D3AED0A007F0777 /* YettelTest.app */,
				ECF563DE2D3AED0B007F0777 /* YettelTestTests.xctest */,
				ECF563E82D3AED0B007F0777 /* YettelTestUITests.xctest */,
			);
			name = Products;
			sourceTree = "<group>";
		};
/* End PBXGroup section */

/* Begin PBXNativeTarget section */
		ECF563CD2D3AED0A007F0777 /* YettelTest */ = {
			isa = PBXNativeTarget;
			buildConfigurationList = ECF563F22D3AED0B007F0777 /* Build configuration list for PBXNativeTarget "YettelTest" */;
			buildPhases = (
				ECF563CA2D3AED0A007F0777 /* Sources */,
				ECF563CB2D3AED0A007F0777 /* Frameworks */,
				ECF563CC2D3AED0A007F0777 /* Resources */,
			);
			buildRules = (
			);
			dependencies = (
			);
			fileSystemSynchronizedGroups = (
				ECF563D02D3AED0A007F0777 /* YettelTest */,
			);
			name = YettelTest;
			packageProductDependencies = (
			);
			productName = YettelTest;
			productReference = ECF563CE2D3AED0A007F0777 /* YettelTest.app */;
			productType = "com.apple.product-type.application";
		};
		ECF563DD2D3AED0B007F0777 /* YettelTestTests */ = {
			isa = PBXNativeTarget;
			buildConfigurationList = ECF563F52D3AED0B007F0777 /* Build configuration list for PBXNativeTarget "YettelTestTests" */;
			buildPhases = (
				ECF563DA2D3AED0B007F0777 /* Sources */,
				ECF563DB2D3AED0B007F0777 /* Frameworks */,
				ECF563DC2D3AED0B007F0777 /* Resources */,
			);
			buildRules = (
			);
			dependencies = (
				ECF563E02D3AED0B007F0777 /* PBXTargetDependency */,
			);
			fileSystemSynchronizedGroups = (
				ECF563E12D3AED0B007F0777 /* YettelTestTests */,
			);
			name = YettelTestTests;
			packageProductDependencies = (
			);
			productName = YettelTestTests;
			productReference = ECF563DE2D3AED0B007F0777 /* YettelTestTests.xctest */;
			productType = "com.apple.product-type.bundle.unit-test";
		};
		ECF563E72D3AED0B007F0777 /* YettelTestUITests */ = {
			isa = PBXNativeTarget;
			buildConfigurationList = ECF563F82D3AED0B007F0777 /* Build configuration list for PBXNativeTarget "YettelTestUITests" */;
			buildPhases = (
				ECF563E42D3AED0B007F0777 /* Sources */,
				ECF563E52D3AED0B007F0777 /* Frameworks */,
				ECF563E62D3AED0B007F0777 /* Resources */,
			);
			buildRules = (
			);
			dependencies = (
				ECF563EA2D3AED0B007F0777 /* PBXTargetDependency */,
			);
			fileSystemSynchronizedGroups = (
				ECF563EB2D3AED0B007F0777 /* YettelTestUITests */,
			);
			name = YettelTestUITests;
			packageProductDependencies = (
			);
			productName = YettelTestUITests;
			productReference = ECF563E82D3AED0B007F0777 /* YettelTestUITests.xctest */;
			productType = "com.apple.product-type.bundle.ui-testing";
		};
/* End PBXNativeTarget section */

/* Begin PBXProject section */
		ECF563C62D3AED0A007F0777 /* Project object */ = {
			isa = PBXProject;
			attributes = {
				BuildIndependentTargetsInParallel = 1;
				LastSwiftUpdateCheck = 1620;
				LastUpgradeCheck = 1620;
				TargetAttributes = {
					ECF563CD2D3AED0A007F0777 = {
						CreatedOnToolsVersion = 16.2;
					};
					ECF563DD2D3AED0B007F0777 = {
						CreatedOnToolsVersion = 16.2;
						TestTargetID = ECF563CD2D3AED0A007F0777;
					};
					ECF563E72D3AED0B007F0777 = {
						CreatedOnToolsVersion = 16.2;
						TestTargetID = ECF563CD2D3AED0A007F0777;
					};
				};
			};
			buildConfigurationList = ECF563C92D3AED0A007F0777 /* Build configuration list for PBXProject "YettelTest" */;
			developmentRegion = en;
			hasScannedForEncodings = 0;
			knownRegions = (
				en,
				Base,
			);
			mainGroup = ECF563C52D3AED0A007F0777;
			minimizedProjectReferenceProxies = 1;
			preferredProjectObjectVersion = 77;
			productRefGroup = ECF563CF2D3AED0A007F0777 /* Products */;
			projectDirPath = "";
			projectRoot = "";
			targets = (
				ECF563CD2D3AED0A007F0777 /* YettelTest */,
				ECF563DD2D3AED0B007F0777 /* YettelTestTests */,
				ECF563E72D3AED0B007F0777 /* YettelTestUITests */,
			);
		};
/* End PBXProject section */

/* Begin PBXResourcesBuildPhase section */
		ECF563CC2D3AED0A007F0777 /* Resources */ = {
			isa = PBXResourcesBuildPhase;
			buildActionMask = 2147483647;
			files = (
			);
			runOnlyForDeploymentPostprocessing = 0;
		};
		ECF563DC2D3AED0B007F0777 /* Resources */ = {
			isa = PBXResourcesBuildPhase;
			buildActionMask = 2147483647;
			files = (
			);
			runOnlyForDeploymentPostprocessing = 0;
		};
		ECF563E62D3AED0B007F0777 /* Resources */ = {
			isa = PBXResourcesBuildPhase;
			buildActionMask = 2147483647;
			files = (
			);
			runOnlyForDeploymentPostprocessing = 0;
		};
/* End PBXResourcesBuildPhase section */

/* Begin PBXSourcesBuildPhase section */
		ECF563CA2D3AED0A007F0777 /* Sources */ = {
			isa = PBXSourcesBuildPhase;
			buildActionMask = 2147483647;
			files = (
			);
			runOnlyForDeploymentPostprocessing = 0;
		};
		ECF563DA2D3AED0B007F0777 /* Sources */ = {
			isa = PBXSourcesBuildPhase;
			buildActionMask = 2147483647;
			files = (
			);
			runOnlyForDeploymentPostprocessing = 0;
		};
		ECF563E42D3AED0B007F0777 /* Sources */ = {
			isa = PBXSourcesBuildPhase;
			buildActionMask = 2147483647;
			files = (
			);
			runOnlyForDeploymentPostprocessing = 0;
		};
/* End PBXSourcesBuildPhase section */

/* Begin PBXTargetDependency section */
		ECF563E02D3AED0B007F0777 /* PBXTargetDependency */ = {
			isa = PBXTargetDependency;
			target = ECF563CD2D3AED0A007F0777 /* YettelTest */;
			targetProxy = ECF563DF2D3AED0B007F0777 /* PBXContainerItemProxy */;
		};
		ECF563EA2D3AED0B007F0777 /* PBXTargetDependency */ = {
			isa = PBXTargetDependency;
			target = ECF563CD2D3AED0A007F0777 /* YettelTest */;
			targetProxy = ECF563E92D3AED0B007F0777 /* PBXContainerItemProxy */;
		};
/* End PBXTargetDependency section */

/* Begin XCBuildConfiguration section */
		ECF563F02D3AED0B007F0777 /* Debug */ = {
			isa = XCBuildConfiguration;
			buildSettings = {
				ALWAYS_SEARCH_USER_PATHS = NO;
				ASSETCATALOG_COMPILER_GENERATE_SWIFT_ASSET_SYMBOL_EXTENSIONS = YES;
				CLANG_ANALYZER_NONNULL = YES;
				CLANG_ANALYZER_NUMBER_OBJECT_CONVERSION = YES_AGGRESSIVE;
				CLANG_CXX_LANGUAGE_STANDARD = "gnu++20";
				CLANG_ENABLE_MODULES = YES;
				CLANG_ENABLE_OBJC_ARC = YES;
				CLANG_ENABLE_OBJC_WEAK = YES;
				CLANG_WARN_BLOCK_CAPTURE_AUTORELEASING = YES;
				CLANG_WARN_BOOL_CONVERSION = YES;
				CLANG_WARN_COMMA = YES;
				CLANG_WARN_CONSTANT_CONVERSION = YES;
				CLANG_WARN_DEPRECATED_OBJC_IMPLEMENTATIONS = YES;
				CLANG_WARN_DIRECT_OBJC_ISA_USAGE = YES_ERROR;
				CLANG_WARN_DOCUMENTATION_COMMENTS = YES;
				CLANG_WARN_EMPTY_BODY = YES;
				CLANG_WARN_ENUM_CONVERSION = YES;
				CLANG_WARN_INFINITE_RECURSION = YES;
				CLANG_WARN_INT_CONVERSION = YES;
				CLANG_WARN_NON_LITERAL_NULL_CONVERSION = YES;
				CLANG_WARN_OBJC_IMPLICIT_RETAIN_SELF = YES;
				CLANG_WARN_OBJC_LITERAL_CONVERSION = YES;
				CLANG_WARN_OBJC_ROOT_CLASS = YES_ERROR;
				CLANG_WARN_QUOTED_INCLUDE_IN_FRAMEWORK_HEADER = YES;
				CLANG_WARN_RANGE_LOOP_ANALYSIS = YES;
				CLANG_WARN_STRICT_PROTOTYPES = YES;
				CLANG_WARN_SUSPICIOUS_MOVE = YES;
				CLANG_WARN_UNGUARDED_AVAILABILITY = YES_AGGRESSIVE;
				CLANG_WARN_UNREACHABLE_CODE = YES;
				CLANG_WARN__DUPLICATE_METHOD_MATCH = YES;
				COPY_PHASE_STRIP = NO;
				DEBUG_INFORMATION_FORMAT = dwarf;
				ENABLE_STRICT_OBJC_MSGSEND = YES;
				ENABLE_TESTABILITY = YES;
				ENABLE_USER_SCRIPT_SANDBOXING = YES;
				GCC_C_LANGUAGE_STANDARD = gnu17;
				GCC_DYNAMIC_NO_PIC = NO;
				GCC_NO_COMMON_BLOCKS = YES;
				GCC_OPTIMIZATION_LEVEL = 0;
				GCC_PREPROCESSOR_DEFINITIONS = (
					"DEBUG=1",
					"$(inherited)",
				);
				GCC_WARN_64_TO_32_BIT_CONVERSION = YES;
				GCC_WARN_ABOUT_RETURN_TYPE = YES_ERROR;
				GCC_WARN_UNDECLARED_SELECTOR = YES;
				GCC_WARN_UNINITIALIZED_AUTOS = YES_AGGRESSIVE;
				GCC_WARN_UNUSED_FUNCTION = YES;
				GCC_WARN_UNUSED_VARIABLE = YES;
				IPHONEOS_DEPLOYMENT_TARGET = 18.2;
				LOCALIZATION_PREFERS_STRING_CATALOGS = YES;
				MTL_ENABLE_DEBUG_INFO = INCLUDE_SOURCE;
				MTL_FAST_MATH = YES;
				ONLY_ACTIVE_ARCH = YES;
				SDKROOT = iphoneos;
				SWIFT_ACTIVE_COMPILATION_CONDITIONS = "DEBUG $(inherited)";
				SWIFT_OPTIMIZATION_LEVEL = "-Onone";
			};
			name = Debug;
		};
		ECF563F12D3AED0B007F0777 /* Release */ = {
			isa = XCBuildConfiguration;
			buildSettings = {
				ALWAYS_SEARCH_USER_PATHS = NO;
				ASSETCATALOG_COMPILER_GENERATE_SWIFT_ASSET_SYMBOL_EXTENSIONS = YES;
				CLANG_ANALYZER_NONNULL = YES;
				CLANG_ANALYZER_NUMBER_OBJECT_CONVERSION = YES_AGGRESSIVE;
				CLANG_CXX_LANGUAGE_STANDARD = "gnu++20";
				CLANG_ENABLE_MODULES = YES;
				CLANG_ENABLE_OBJC_ARC = YES;
				CLANG_ENABLE_OBJC_WEAK = YES;
				CLANG_WARN_BLOCK_CAPTURE_AUTORELEASING = YES;
				CLANG_WARN_BOOL_CONVERSION = YES;
				CLANG_WARN_COMMA = YES;
				CLANG_WARN_CONSTANT_CONVERSION = YES;
				CLANG_WARN_DEPRECATED_OBJC_IMPLEMENTATIONS = YES;
				CLANG_WARN_DIRECT_OBJC_ISA_USAGE = YES_ERROR;
				CLANG_WARN_DOCUMENTATION_COMMENTS = YES;
				CLANG_WARN_EMPTY_BODY = YES;
				CLANG_WARN_ENUM_CONVERSION = YES;
				CLANG_WARN_INFINITE_RECURSION = YES;
				CLANG_WARN_INT_CONVERSION = YES;
				CLANG_WARN_NON_LITERAL_NULL_CONVERSION = YES;
				CLANG_WARN_OBJC_IMPLICIT_RETAIN_SELF = YES;
				CLANG_WARN_OBJC_LITERAL_CONVERSION = YES;
				CLANG_WARN_OBJC_ROOT_CLASS = YES_ERROR;
				CLANG_WARN_QUOTED_INCLUDE_IN_FRAMEWORK_HEADER = YES;
				CLANG_WARN_RANGE_LOOP_ANALYSIS = YES;
				CLANG_WARN_STRICT_PROTOTYPES = YES;
				CLANG_WARN_SUSPICIOUS_MOVE = YES;
				CLANG_WARN_UNGUARDED_AVAILABILITY = YES_AGGRESSIVE;
				CLANG_WARN_UNREACHABLE_CODE = YES;
				CLANG_WARN__DUPLICATE_METHOD_MATCH = YES;
				COPY_PHASE_STRIP = NO;
				DEBUG_INFORMATION_FORMAT = "dwarf-with-dsym";
				ENABLE_NS_ASSERTIONS = NO;
				ENABLE_STRICT_OBJC_MSGSEND = YES;
				ENABLE_USER_SCRIPT_SANDBOXING = YES;
				GCC_C_LANGUAGE_STANDARD = gnu17;
				GCC_NO_COMMON_BLOCKS = YES;
				GCC_WARN_64_TO_32_BIT_CONVERSION = YES;
				GCC_WARN_ABOUT_RETURN_TYPE = YES_ERROR;
				GCC_WARN_UNDECLARED_SELECTOR = YES;
				GCC_WARN_UNINITIALIZED_AUTOS = YES_AGGRESSIVE;
				GCC_WARN_UNUSED_FUNCTION = YES;
				GCC_WARN_UNUSED_VARIABLE = YES;
				IPHONEOS_DEPLOYMENT_TARGET = 18.2;
				LOCALIZATION_PREFERS_STRING_CATALOGS = YES;
				MTL_ENABLE_DEBUG_INFO = NO;
				MTL_FAST_MATH = YES;
				SDKROOT = iphoneos;
				SWIFT_COMPILATION_MODE = wholemodule;
				VALIDATE_PRODUCT = YES;
			};
			name = Release;
		};
		ECF563F32D3AED0B007F0777 /* Debug */ = {
			isa = XCBuildConfiguration;
			buildSettings = {
				ASSETCATALOG_COMPILER_APPICON_NAME = AppIcon;
				ASSETCATALOG_COMPILER_GLOBAL_ACCENT_COLOR_NAME = AccentColor;
				CODE_SIGN_STYLE = Automatic;
				CURRENT_PROJECT_VERSION = 1;
				DEVELOPMENT_ASSET_PATHS = "\"YettelTest/Preview Content\"";
				DEVELOPMENT_TEAM = TJ9CBKMZVX;
				ENABLE_PREVIEWS = YES;
				GENERATE_INFOPLIST_FILE = YES;
				INFOPLIST_KEY_UIApplicationSceneManifest_Generation = YES;
				INFOPLIST_KEY_UIApplicationSupportsIndirectInputEvents = YES;
				INFOPLIST_KEY_UILaunchScreen_Generation = YES;
				INFOPLIST_KEY_UISupportedInterfaceOrientations_iPad = "UIInterfaceOrientationPortrait UIInterfaceOrientationPortraitUpsideDown UIInterfaceOrientationLandscapeLeft UIInterfaceOrientationLandscapeRight";
				INFOPLIST_KEY_UISupportedInterfaceOrientations_iPhone = "UIInterfaceOrientationPortrait UIInterfaceOrientationLandscapeLeft UIInterfaceOrientationLandscapeRight";
				LD_RUNPATH_SEARCH_PATHS = (
					"$(inherited)",
					"@executable_path/Frameworks",
				);
				MARKETING_VERSION = 1.0;
				PRODUCT_BUNDLE_IDENTIFIER = com.kristof.meszaros.YettelTest;
				PRODUCT_NAME = "$(TARGET_NAME)";
				SWIFT_EMIT_LOC_STRINGS = YES;
				SWIFT_VERSION = 5.0;
				TARGETED_DEVICE_FAMILY = "1,2";
			};
			name = Debug;
		};
		ECF563F42D3AED0B007F0777 /* Release */ = {
			isa = XCBuildConfiguration;
			buildSettings = {
				ASSETCATALOG_COMPILER_APPICON_NAME = AppIcon;
				ASSETCATALOG_COMPILER_GLOBAL_ACCENT_COLOR_NAME = AccentColor;
				CODE_SIGN_STYLE = Automatic;
				CURRENT_PROJECT_VERSION = 1;
				DEVELOPMENT_ASSET_PATHS = "\"YettelTest/Preview Content\"";
				DEVELOPMENT_TEAM = TJ9CBKMZVX;
				ENABLE_PREVIEWS = YES;
				GENERATE_INFOPLIST_FILE = YES;
				INFOPLIST_KEY_UIApplicationSceneManifest_Generation = YES;
				INFOPLIST_KEY_UIApplicationSupportsIndirectInputEvents = YES;
				INFOPLIST_KEY_UILaunchScreen_Generation = YES;
				INFOPLIST_KEY_UISupportedInterfaceOrientations_iPad = "UIInterfaceOrientationPortrait UIInterfaceOrientationPortraitUpsideDown UIInterfaceOrientationLandscapeLeft UIInterfaceOrientationLandscapeRight";
				INFOPLIST_KEY_UISupportedInterfaceOrientations_iPhone = "UIInterfaceOrientationPortrait UIInterfaceOrientationLandscapeLeft UIInterfaceOrientationLandscapeRight";
				LD_RUNPATH_SEARCH_PATHS = (
					"$(inherited)",
					"@executable_path/Frameworks",
				);
				MARKETING_VERSION = 1.0;
				PRODUCT_BUNDLE_IDENTIFIER = com.kristof.meszaros.YettelTest;
				PRODUCT_NAME = "$(TARGET_NAME)";
				SWIFT_EMIT_LOC_STRINGS = YES;
				SWIFT_VERSION = 5.0;
				TARGETED_DEVICE_FAMILY = "1,2";
			};
			name = Release;
		};
		ECF563F62D3AED0B007F0777 /* Debug */ = {
			isa = XCBuildConfiguration;
			buildSettings = {
				BUNDLE_LOADER = "$(TEST_HOST)";
				CODE_SIGN_STYLE = Automatic;
				CURRENT_PROJECT_VERSION = 1;
				DEVELOPMENT_TEAM = TJ9CBKMZVX;
				GENERATE_INFOPLIST_FILE = YES;
				IPHONEOS_DEPLOYMENT_TARGET = 18.2;
				MARKETING_VERSION = 1.0;
				PRODUCT_BUNDLE_IDENTIFIER = com.kristof.meszaros.YettelTestTests;
				PRODUCT_NAME = "$(TARGET_NAME)";
				SWIFT_EMIT_LOC_STRINGS = NO;
				SWIFT_VERSION = 5.0;
				TARGETED_DEVICE_FAMILY = "1,2";
				TEST_HOST = "$(BUILT_PRODUCTS_DIR)/YettelTest.app/$(BUNDLE_EXECUTABLE_FOLDER_PATH)/YettelTest";
			};
			name = Debug;
		};
		ECF563F72D3AED0B007F0777 /* Release */ = {
			isa = XCBuildConfiguration;
			buildSettings = {
				BUNDLE_LOADER = "$(TEST_HOST)";
				CODE_SIGN_STYLE = Automatic;
				CURRENT_PROJECT_VERSION = 1;
				DEVELOPMENT_TEAM = TJ9CBKMZVX;
				GENERATE_INFOPLIST_FILE = YES;
				IPHONEOS_DEPLOYMENT_TARGET = 18.2;
				MARKETING_VERSION = 1.0;
				PRODUCT_BUNDLE_IDENTIFIER = com.kristof.meszaros.YettelTestTests;
				PRODUCT_NAME = "$(TARGET_NAME)";
				SWIFT_EMIT_LOC_STRINGS = NO;
				SWIFT_VERSION = 5.0;
				TARGETED_DEVICE_FAMILY = "1,2";
				TEST_HOST = "$(BUILT_PRODUCTS_DIR)/YettelTest.app/$(BUNDLE_EXECUTABLE_FOLDER_PATH)/YettelTest";
			};
			name = Release;
		};
		ECF563F92D3AED0B007F0777 /* Debug */ = {
			isa = XCBuildConfiguration;
			buildSettings = {
				CODE_SIGN_STYLE = Automatic;
				CURRENT_PROJECT_VERSION = 1;
				DEVELOPMENT_TEAM = TJ9CBKMZVX;
				GENERATE_INFOPLIST_FILE = YES;
				MARKETING_VERSION = 1.0;
				PRODUCT_BUNDLE_IDENTIFIER = com.kristof.meszaros.YettelTestUITests;
				PRODUCT_NAME = "$(TARGET_NAME)";
				SWIFT_EMIT_LOC_STRINGS = NO;
				SWIFT_VERSION = 5.0;
				TARGETED_DEVICE_FAMILY = "1,2";
				TEST_TARGET_NAME = YettelTest;
			};
			name = Debug;
		};
		ECF563FA2D3AED0B007F0777 /* Release */ = {
			isa = XCBuildConfiguration;
			buildSettings = {
				CODE_SIGN_STYLE = Automatic;
				CURRENT_PROJECT_VERSION = 1;
				DEVELOPMENT_TEAM = TJ9CBKMZVX;
				GENERATE_INFOPLIST_FILE = YES;
				MARKETING_VERSION = 1.0;
				PRODUCT_BUNDLE_IDENTIFIER = com.kristof.meszaros.YettelTestUITests;
				PRODUCT_NAME = "$(TARGET_NAME)";
				SWIFT_EMIT_LOC_STRINGS = NO;
				SWIFT_VERSION = 5.0;
				TARGETED_DEVICE_FAMILY = "1,2";
				TEST_TARGET_NAME = YettelTest;
			};
			name = Release;
		};
/* End XCBuildConfiguration section */

/* Begin XCConfigurationList section */
		ECF563C92D3AED0A007F0777 /* Build configuration list for PBXProject "YettelTest" */ = {
			isa = XCConfigurationList;
			buildConfigurations = (
				ECF563F02D3AED0B007F0777 /* Debug */,
				ECF563F12D3AED0B007F0777 /* Release */,
			);
			defaultConfigurationIsVisible = 0;
			defaultConfigurationName = Release;
		};
		ECF563F22D3AED0B007F0777 /* Build configuration list for PBXNativeTarget "YettelTest" */ = {
			isa = XCConfigurationList;
			buildConfigurations = (
				ECF563F32D3AED0B007F0777 /* Debug */,
				ECF563F42D3AED0B007F0777 /* Release */,
			);
			defaultConfigurationIsVisible = 0;
			defaultConfigurationName = Release;
		};
		ECF563F52D3AED0B007F0777 /* Build configuration list for PBXNativeTarget "YettelTestTests" */ = {
			isa = XCConfigurationList;
			buildConfigurations = (
				ECF563F62D3AED0B007F0777 /* Debug */,
				ECF563F72D3AED0B007F0777 /* Release */,
			);
			defaultConfigurationIsVisible = 0;
			defaultConfigurationName = Release;
		};
		ECF563F82D3AED0B007F0777 /* Build configuration list for PBXNativeTarget "YettelTestUITests" */ = {
			isa = XCConfigurationList;
			buildConfigurations = (
				ECF563F92D3AED0B007F0777 /* Debug */,
				ECF563FA2D3AED0B007F0777 /* Release */,
			);
			defaultConfigurationIsVisible = 0;
			defaultConfigurationName = Release;
		};
/* End XCConfigurationList section */
	};
	rootObject = ECF563C62D3AED0A007F0777 /* Project object */;
}
